
Microsoft Visual Studio Solution File, Format Version 12.00
# Visual Studio Version 17
VisualStudioVersion = 17.0.32126.317
MinimumVisualStudioVersion = 10.0.40219.1
Project("{FAE04EC0-301F-11D3-BF4B-00C04F79EFBC}") = "DelegatesProgam", "DelegatesProgam.csproj", "{EE17319D-19DF-4C9D-929F-E22D0134F03F}"
EndProject
Global
	GlobalSection(SolutionConfigurationPlatforms) = preSolution
		Debug|Any CPU = Debug|Any CPU
		Release|Any CPU = Release|Any CPU
	EndGlobalSection
	GlobalSection(ProjectConfigurationPlatforms) = postSolution
		{EE17319D-19DF-4C9D-929F-E22D0134F03F}.Debug|Any CPU.ActiveCfg = Debug|Any CPU
		{EE17319D-19DF-4C9D-929F-E22D0134F03F}.Debug|Any CPU.Build.0 = Debug|Any CPU
		{EE17319D-19DF-4C9D-929F-E22D0134F03F}.Release|Any CPU.ActiveCfg = Release|Any CPU
		{EE17319D-19DF-4C9D-929F-E22D0134F03F}.Release|Any CPU.Build.0 = Release|Any CPU
	EndGlobalSection
	GlobalSection(SolutionProperties) = preSolution
		HideSolutionNode = FALSE
	EndGlobalSection
	GlobalSection(ExtensibilityGlobals) = postSolution
		SolutionGuid = {5577F9E4-8CD5-4D0F-AA26-8599818A2E4D}
	EndGlobalSection
EndGlobal
